
Microsoft Visual Studio Solution File, Format Version 12.00
# Visual Studio Version 16
VisualStudioVersion = 16.0.32002.261
MinimumVisualStudioVersion = 10.0.40219.1
Project("{FAE04EC0-301F-11D3-BF4B-00C04F79EFBC}") = "LivrariaBoaLeitura.API", "LivrariaBoaLeitura.API\LivrariaBoaLeitura.API.csproj", "{A5FA878B-9D78-4C44-B836-C15936C15559}"
EndProject
Global
	GlobalSection(SolutionConfigurationPlatforms) = preSolution
		Debug|Any CPU = Debug|Any CPU
		Release|Any CPU = Release|Any CPU
	EndGlobalSection
	GlobalSection(ProjectConfigurationPlatforms) = postSolution
		{A5FA878B-9D78-4C44-B836-C15936C15559}.Debug|Any CPU.ActiveCfg = Debug|Any CPU
		{A5FA878B-9D78-4C44-B836-C15936C15559}.Debug|Any CPU.Build.0 = Debug|Any CPU
		{A5FA878B-9D78-4C44-B836-C15936C15559}.Release|Any CPU.ActiveCfg = Release|Any CPU
		{A5FA878B-9D78-4C44-B836-C15936C15559}.Release|Any CPU.Build.0 = Release|Any CPU
	EndGlobalSection
	GlobalSection(SolutionProperties) = preSolution
		HideSolutionNode = FALSE
	EndGlobalSection
	GlobalSection(ExtensibilityGlobals) = postSolution
		SolutionGuid = {947B17C3-6C2A-46FC-BA36-80727F6EC36B}
	EndGlobalSection
EndGlobal
